
Microsoft Visual Studio Solution File, Format Version 12.00
# Visual Studio Version 16
VisualStudioVersion = 25.0.1706.0
MinimumVisualStudioVersion = 10.0.40219.1
Project("{FAE04EC0-301F-11D3-BF4B-00C04F79EFBC}") = "CSharpDictionaryJourney", "CSharpDictionaryJourney\CSharpDictionaryJourney.csproj", "{C7569F67-05B7-4517-9AE3-DF2522D6E840}"
EndProject
Global
	GlobalSection(SolutionConfigurationPlatforms) = preSolution
		Debug|Any CPU = Debug|Any CPU
		Release|Any CPU = Release|Any CPU
	EndGlobalSection
	GlobalSection(ProjectConfigurationPlatforms) = postSolution
		{C7569F67-05B7-4517-9AE3-DF2522D6E840}.Debug|Any CPU.ActiveCfg = Debug|Any CPU
		{C7569F67-05B7-4517-9AE3-DF2522D6E840}.Debug|Any CPU.Build.0 = Debug|Any CPU
		{C7569F67-05B7-4517-9AE3-DF2522D6E840}.Release|Any CPU.ActiveCfg = Release|Any CPU
		{C7569F67-05B7-4517-9AE3-DF2522D6E840}.Release|Any CPU.Build.0 = Release|Any CPU
	EndGlobalSection
	GlobalSection(SolutionProperties) = preSolution
		HideSolutionNode = FALSE
	EndGlobalSection
	GlobalSection(ExtensibilityGlobals) = postSolution
		SolutionGuid = {7731BCF3-83FC-4293-920B-EE69340A65E1}
	EndGlobalSection
EndGlobal
